
Microsoft Visual Studio Solution File, Format Version 12.00
# Visual Studio 15
VisualStudioVersion = 15.0.27703.2018
MinimumVisualStudioVersion = 10.0.40219.1
Project("{FAE04EC0-301F-11D3-BF4B-00C04F79EFBC}") = "myApp.Android", "myApp\myApp.Android\myApp.Android.csproj", "{242ABFD9-1F74-49C1-8083-3A8E1E5816E3}"
EndProject
Project("{FAE04EC0-301F-11D3-BF4B-00C04F79EFBC}") = "myApp.iOS", "myApp\myApp.iOS\myApp.iOS.csproj", "{705789AE-C31D-4CE9-B12C-D59ACF9B9AF8}"
EndProject
Project("{FAE04EC0-301F-11D3-BF4B-00C04F79EFBC}") = "myApp", "myApp\myApp\myApp.csproj", "{AF081947-1FAC-4012-9503-EE0DCB7039DA}"
EndProject
Global
	GlobalSection(SolutionConfigurationPlatforms) = preSolution
		Ad-Hoc|Any CPU = Ad-Hoc|Any CPU
		Ad-Hoc|iPhone = Ad-Hoc|iPhone
		Ad-Hoc|iPhoneSimulator = Ad-Hoc|iPhoneSimulator
		AppStore|Any CPU = AppStore|Any CPU
		AppStore|iPhone = AppStore|iPhone
		AppStore|iPhoneSimulator = AppStore|iPhoneSimulator
		Debug|Any CPU = Debug|Any CPU
		Debug|iPhone = Debug|iPhone
		Debug|iPhoneSimulator = Debug|iPhoneSimulator
		Release|Any CPU = Release|Any CPU
		Release|iPhone = Release|iPhone
		Release|iPhoneSimulator = Release|iPhoneSimulator
	EndGlobalSection
	GlobalSection(ProjectConfigurationPlatforms) = postSolution
		{242ABFD9-1F74-49C1-8083-3A8E1E5816E3}.Ad-Hoc|Any CPU.ActiveCfg = Release|Any CPU
		{242ABFD9-1F74-49C1-8083-3A8E1E5816E3}.Ad-Hoc|Any CPU.Build.0 = Release|Any CPU
		{242ABFD9-1F74-49C1-8083-3A8E1E5816E3}.Ad-Hoc|Any CPU.Deploy.0 = Release|Any CPU
		{242ABFD9-1F74-49C1-8083-3A8E1E5816E3}.Ad-Hoc|iPhone.ActiveCfg = Release|Any CPU
		{242ABFD9-1F74-49C1-8083-3A8E1E5816E3}.Ad-Hoc|iPhone.Build.0 = Release|Any CPU
		{242ABFD9-1F74-49C1-8083-3A8E1E5816E3}.Ad-Hoc|iPhone.Deploy.0 = Release|Any CPU
		{242ABFD9-1F74-49C1-8083-3A8E1E5816E3}.Ad-Hoc|iPhoneSimulator.ActiveCfg = Release|Any CPU
		{242ABFD9-1F74-49C1-8083-3A8E1E5816E3}.Ad-Hoc|iPhoneSimulator.Build.0 = Release|Any CPU
		{242ABFD9-1F74-49C1-8083-3A8E1E5816E3}.Ad-Hoc|iPhoneSimulator.Deploy.0 = Release|Any CPU
		{242ABFD9-1F74-49C1-8083-3A8E1E5816E3}.AppStore|Any CPU.ActiveCfg = Release|Any CPU
		{242ABFD9-1F74-49C1-8083-3A8E1E5816E3}.AppStore|Any CPU.Build.0 = Release|Any CPU
		{242ABFD9-1F74-49C1-8083-3A8E1E5816E3}.AppStore|Any CPU.Deploy.0 = Release|Any CPU
		{242ABFD9-1F74-49C1-8083-3A8E1E5816E3}.AppStore|iPhone.ActiveCfg = Release|Any CPU
		{242ABFD9-1F74-49C1-8083-3A8E1E5816E3}.AppStore|iPhone.Build.0 = Release|Any CPU
		{242ABFD9-1F74-49C1-8083-3A8E1E5816E3}.AppStore|iPhone.Deploy.0 = Release|Any CPU
		{242ABFD9-1F74-49C1-8083-3A8E1E5816E3}.AppStore|iPhoneSimulator.ActiveCfg = Release|Any CPU
		{242ABFD9-1F74-49C1-8083-3A8E1E5816E3}.AppStore|iPhoneSimulator.Build.0 = Release|Any CPU
		{242ABFD9-1F74-49C1-8083-3A8E1E5816E3}.AppStore|iPhoneSimulator.Deploy.0 = Release|Any CPU
		{242ABFD9-1F74-49C1-8083-3A8E1E5816E3}.Debug|Any CPU.ActiveCfg = Debug|Any CPU
		{242ABFD9-1F74-49C1-8083-3A8E1E5816E3}.Debug|Any CPU.Build.0 = Debug|Any CPU
		{242ABFD9-1F74-49C1-8083-3A8E1E5816E3}.Debug|Any CPU.Deploy.0 = Debug|Any CPU
		{242ABFD9-1F74-49C1-8083-3A8E1E5816E3}.Debug|iPhone.ActiveCfg = Debug|Any CPU
		{242ABFD9-1F74-49C1-8083-3A8E1E5816E3}.Debug|iPhone.Build.0 = Debug|Any CPU
		{242ABFD9-1F74-49C1-8083-3A8E1E5816E3}.Debug|iPhone.Deploy.0 = Debug|Any CPU
		{242ABFD9-1F74-49C1-8083-3A8E1E5816E3}.Debug|iPhoneSimulator.ActiveCfg = Debug|Any CPU
		{242ABFD9-1F74-49C1-8083-3A8E1E5816E3}.Debug|iPhoneSimulator.Build.0 = Debug|Any CPU
		{242ABFD9-1F74-49C1-8083-3A8E1E5816E3}.Debug|iPhoneSimulator.Deploy.0 = Debug|Any CPU
		{242ABFD9-1F74-49C1-8083-3A8E1E5816E3}.Release|Any CPU.ActiveCfg = Release|Any CPU
		{242ABFD9-1F74-49C1-8083-3A8E1E5816E3}.Release|Any CPU.Build.0 = Release|Any CPU
		{242ABFD9-1F74-49C1-8083-3A8E1E5816E3}.Release|Any CPU.Deploy.0 = Release|Any CPU
		{242ABFD9-1F74-49C1-8083-3A8E1E5816E3}.Release|iPhone.ActiveCfg = Release|Any CPU
		{242ABFD9-1F74-49C1-8083-3A8E1E5816E3}.Release|iPhone.Build.0 = Release|Any CPU
		{242ABFD9-1F74-49C1-8083-3A8E1E5816E3}.Release|iPhone.Deploy.0 = Release|Any CPU
		{242ABFD9-1F74-49C1-8083-3A8E1E5816E3}.Release|iPhoneSimulator.ActiveCfg = Release|Any CPU
		{242ABFD9-1F74-49C1-8083-3A8E1E5816E3}.Release|iPhoneSimulator.Build.0 = Release|Any CPU
		{242ABFD9-1F74-49C1-8083-3A8E1E5816E3}.Release|iPhoneSimulator.Deploy.0 = Release|Any CPU
		{705789AE-C31D-4CE9-B12C-D59ACF9B9AF8}.Ad-Hoc|Any CPU.ActiveCfg = Ad-Hoc|iPhone
		{705789AE-C31D-4CE9-B12C-D59ACF9B9AF8}.Ad-Hoc|Any CPU.Build.0 = Ad-Hoc|iPhone
		{705789AE-C31D-4CE9-B12C-D59ACF9B9AF8}.Ad-Hoc|Any CPU.Deploy.0 = Ad-Hoc|iPhone
		{705789AE-C31D-4CE9-B12C-D59ACF9B9AF8}.Ad-Hoc|iPhone.ActiveCfg = Ad-Hoc|iPhone
		{705789AE-C31D-4CE9-B12C-D59ACF9B9AF8}.Ad-Hoc|iPhone.Build.0 = Ad-Hoc|iPhone
		{705789AE-C31D-4CE9-B12C-D59ACF9B9AF8}.Ad-Hoc|iPhone.Deploy.0 = Ad-Hoc|iPhone
		{705789AE-C31D-4CE9-B12C-D59ACF9B9AF8}.Ad-Hoc|iPhoneSimulator.ActiveCfg = Ad-Hoc|iPhoneSimulator
		{705789AE-C31D-4CE9-B12C-D59ACF9B9AF8}.Ad-Hoc|iPhoneSimulator.Build.0 = Ad-Hoc|iPhoneSimulator
		{705789AE-C31D-4CE9-B12C-D59ACF9B9AF8}.Ad-Hoc|iPhoneSimulator.Deploy.0 = Ad-Hoc|iPhoneSimulator
		{705789AE-C31D-4CE9-B12C-D59ACF9B9AF8}.AppStore|Any CPU.ActiveCfg = AppStore|iPhone
		{705789AE-C31D-4CE9-B12C-D59ACF9B9AF8}.AppStore|Any CPU.Build.0 = AppStore|iPhone
		{705789AE-C31D-4CE9-B12C-D59ACF9B9AF8}.AppStore|Any CPU.Deploy.0 = AppStore|iPhone
		{705789AE-C31D-4CE9-B12C-D59ACF9B9AF8}.AppStore|iPhone.ActiveCfg = AppStore|iPhone
		{705789AE-C31D-4CE9-B12C-D59ACF9B9AF8}.AppStore|iPhone.Build.0 = AppStore|iPhone
		{705789AE-C31D-4CE9-B12C-D59ACF9B9AF8}.AppStore|iPhone.Deploy.0 = AppStore|iPhone
		{705789AE-C31D-4CE9-B12C-D59ACF9B9AF8}.AppStore|iPhoneSimulator.ActiveCfg = AppStore|iPhoneSimulator
		{705789AE-C31D-4CE9-B12C-D59ACF9B9AF8}.AppStore|iPhoneSimulator.Build.0 = AppStore|iPhoneSimulator
		{705789AE-C31D-4CE9-B12C-D59ACF9B9AF8}.AppStore|iPhoneSimulator.Deploy.0 = AppStore|iPhoneSimulator
		{705789AE-C31D-4CE9-B12C-D59ACF9B9AF8}.Debug|Any CPU.ActiveCfg = Debug|iPhoneSimulator
		{705789AE-C31D-4CE9-B12C-D59ACF9B9AF8}.Debug|Any CPU.Build.0 = Debug|iPhoneSimulator
		{705789AE-C31D-4CE9-B12C-D59ACF9B9AF8}.Debug|Any CPU.Deploy.0 = Debug|iPhoneSimulator
		{705789AE-C31D-4CE9-B12C-D59ACF9B9AF8}.Debug|iPhone.ActiveCfg = Debug|iPhone
		{705789AE-C31D-4CE9-B12C-D59ACF9B9AF8}.Debug|iPhone.Build.0 = Debug|iPhone
		{705789AE-C31D-4CE9-B12C-D59ACF9B9AF8}.Debug|iPhone.Deploy.0 = Debug|iPhone
		{705789AE-C31D-4CE9-B12C-D59ACF9B9AF8}.Debug|iPhoneSimulator.ActiveCfg = Debug|iPhoneSimulator
		{705789AE-C31D-4CE9-B12C-D59ACF9B9AF8}.Debug|iPhoneSimulator.Build.0 = Debug|iPhoneSimulator
		{705789AE-C31D-4CE9-B12C-D59ACF9B9AF8}.Debug|iPhoneSimulator.Deploy.0 = Debug|iPhoneSimulator
		{705789AE-C31D-4CE9-B12C-D59ACF9B9AF8}.Release|Any CPU.ActiveCfg = Release|iPhone
		{705789AE-C31D-4CE9-B12C-D59ACF9B9AF8}.Release|Any CPU.Build.0 = Release|iPhone
		{705789AE-C31D-4CE9-B12C-D59ACF9B9AF8}.Release|Any CPU.Deploy.0 = Release|iPhone
		{705789AE-C31D-4CE9-B12C-D59ACF9B9AF8}.Release|iPhone.ActiveCfg = Release|iPhone
		{705789AE-C31D-4CE9-B12C-D59ACF9B9AF8}.Release|iPhone.Build.0 = Release|iPhone
		{705789AE-C31D-4CE9-B12C-D59ACF9B9AF8}.Release|iPhone.Deploy.0 = Release|iPhone
		{705789AE-C31D-4CE9-B12C-D59ACF9B9AF8}.Release|iPhoneSimulator.ActiveCfg = Release|iPhoneSimulator
		{705789AE-C31D-4CE9-B12C-D59ACF9B9AF8}.Release|iPhoneSimulator.Build.0 = Release|iPhoneSimulator
		{705789AE-C31D-4CE9-B12C-D59ACF9B9AF8}.Release|iPhoneSimulator.Deploy.0 = Release|iPhoneSimulator
		{AF081947-1FAC-4012-9503-EE0DCB7039DA}.Ad-Hoc|Any CPU.ActiveCfg = Debug|Any CPU
		{AF081947-1FAC-4012-9503-EE0DCB7039DA}.Ad-Hoc|Any CPU.Build.0 = Debug|Any CPU
		{AF081947-1FAC-4012-9503-EE0DCB7039DA}.Ad-Hoc|Any CPU.Deploy.0 = Debug|Any CPU
		{AF081947-1FAC-4012-9503-EE0DCB7039DA}.Ad-Hoc|iPhone.ActiveCfg = Debug|Any CPU
		{AF081947-1FAC-4012-9503-EE0DCB7039DA}.Ad-Hoc|iPhone.Build.0 = Debug|Any CPU
		{AF081947-1FAC-4012-9503-EE0DCB7039DA}.Ad-Hoc|iPhone.Deploy.0 = Debug|Any CPU
		{AF081947-1FAC-4012-9503-EE0DCB7039DA}.Ad-Hoc|iPhoneSimulator.ActiveCfg = Debug|Any CPU
		{AF081947-1FAC-4012-9503-EE0DCB7039DA}.Ad-Hoc|iPhoneSimulator.Build.0 = Debug|Any CPU
		{AF081947-1FAC-4012-9503-EE0DCB7039DA}.Ad-Hoc|iPhoneSimulator.Deploy.0 = Debug|Any CPU
		{AF081947-1FAC-4012-9503-EE0DCB7039DA}.AppStore|Any CPU.ActiveCfg = Debug|Any CPU
		{AF081947-1FAC-4012-9503-EE0DCB7039DA}.AppStore|Any CPU.Build.0 = Debug|Any CPU
		{AF081947-1FAC-4012-9503-EE0DCB7039DA}.AppStore|Any CPU.Deploy.0 = Debug|Any CPU
		{AF081947-1FAC-4012-9503-EE0DCB7039DA}.AppStore|iPhone.ActiveCfg = Debug|Any CPU
		{AF081947-1FAC-4012-9503-EE0DCB7039DA}.AppStore|iPhone.Build.0 = Debug|Any CPU
		{AF081947-1FAC-4012-9503-EE0DCB7039DA}.AppStore|iPhone.Deploy.0 = Debug|Any CPU
		{AF081947-1FAC-4012-9503-EE0DCB7039DA}.AppStore|iPhoneSimulator.ActiveCfg = Debug|Any CPU
		{AF081947-1FAC-4012-9503-EE0DCB7039DA}.AppStore|iPhoneSimulator.Build.0 = Debug|Any CPU
		{AF081947-1FAC-4012-9503-EE0DCB7039DA}.AppStore|iPhoneSimulator.Deploy.0 = Debug|Any CPU
		{AF081947-1FAC-4012-9503-EE0DCB7039DA}.Debug|Any CPU.ActiveCfg = Debug|Any CPU
		{AF081947-1FAC-4012-9503-EE0DCB7039DA}.Debug|Any CPU.Build.0 = Debug|Any CPU
		{AF081947-1FAC-4012-9503-EE0DCB7039DA}.Debug|Any CPU.Deploy.0 = Debug|Any CPU
		{AF081947-1FAC-4012-9503-EE0DCB7039DA}.Debug|iPhone.ActiveCfg = Debug|Any CPU
		{AF081947-1FAC-4012-9503-EE0DCB7039DA}.Debug|iPhone.Build.0 = Debug|Any CPU
		{AF081947-1FAC-4012-9503-EE0DCB7039DA}.Debug|iPhone.Deploy.0 = Debug|Any CPU
		{AF081947-1FAC-4012-9503-EE0DCB7039DA}.Debug|iPhoneSimulator.ActiveCfg = Debug|Any CPU
		{AF081947-1FAC-4012-9503-EE0DCB7039DA}.Debug|iPhoneSimulator.Build.0 = Debug|Any CPU
		{AF081947-1FAC-4012-9503-EE0DCB7039DA}.Debug|iPhoneSimulator.Deploy.0 = Debug|Any CPU
		{AF081947-1FAC-4012-9503-EE0DCB7039DA}.Release|Any CPU.ActiveCfg = Release|Any CPU
		{AF081947-1FAC-4012-9503-EE0DCB7039DA}.Release|Any CPU.Build.0 = Release|Any CPU
		{AF081947-1FAC-4012-9503-EE0DCB7039DA}.Release|Any CPU.Deploy.0 = Release|Any CPU
		{AF081947-1FAC-4012-9503-EE0DCB7039DA}.Release|iPhone.ActiveCfg = Release|Any CPU
		{AF081947-1FAC-4012-9503-EE0DCB7039DA}.Release|iPhone.Build.0 = Release|Any CPU
		{AF081947-1FAC-4012-9503-EE0DCB7039DA}.Release|iPhone.Deploy.0 = Release|Any CPU
		{AF081947-1FAC-4012-9503-EE0DCB7039DA}.Release|iPhoneSimulator.ActiveCfg = Release|Any CPU
		{AF081947-1FAC-4012-9503-EE0DCB7039DA}.Release|iPhoneSimulator.Build.0 = Release|Any CPU
		{AF081947-1FAC-4012-9503-EE0DCB7039DA}.Release|iPhoneSimulator.Deploy.0 = Release|Any CPU
	EndGlobalSection
	GlobalSection(SolutionProperties) = preSolution
		HideSolutionNode = FALSE
	EndGlobalSection
	GlobalSection(ExtensibilityGlobals) = postSolution
		SolutionGuid = {397B6F34-DA75-49F8-B90F-FA2EAC02380A}
	EndGlobalSection
EndGlobal
