
Microsoft Visual Studio Solution File, Format Version 12.00
# Visual Studio 15
VisualStudioVersion = 15.0.27703.2018
MinimumVisualStudioVersion = 10.0.40219.1
Project("{FAE04EC0-301F-11D3-BF4B-00C04F79EFBC}") = "myApp.Android", "myApp\myApp.Android\myApp.Android.csproj", "{2B580C00-32C0-467F-B708-9742B1A94F7D}"
EndProject
Project("{FAE04EC0-301F-11D3-BF4B-00C04F79EFBC}") = "myApp.iOS", "myApp\myApp.iOS\myApp.iOS.csproj", "{D392F1A3-3C33-4E11-BD11-599A95FE2DEE}"
EndProject
Project("{D954291E-2A0B-460D-934E-DC6B0785DB48}") = "myApp", "myApp\myApp\myApp.shproj", "{B24A98DD-6B4F-480F-8078-3D40A746EF27}"
EndProject
Global
	GlobalSection(SharedMSBuildProjectFiles) = preSolution
		myApp\myApp\myApp.projitems*{2b580c00-32c0-467f-b708-9742b1a94f7d}*SharedItemsImports = 4
		myApp\myApp\myApp.projitems*{b24a98dd-6b4f-480f-8078-3d40a746ef27}*SharedItemsImports = 13
		myApp\myApp\myApp.projitems*{d392f1a3-3c33-4e11-bd11-599a95fe2dee}*SharedItemsImports = 4
	EndGlobalSection
	GlobalSection(SolutionConfigurationPlatforms) = preSolution
		Ad-Hoc|Any CPU = Ad-Hoc|Any CPU
		Ad-Hoc|iPhone = Ad-Hoc|iPhone
		Ad-Hoc|iPhoneSimulator = Ad-Hoc|iPhoneSimulator
		AppStore|Any CPU = AppStore|Any CPU
		AppStore|iPhone = AppStore|iPhone
		AppStore|iPhoneSimulator = AppStore|iPhoneSimulator
		Debug|Any CPU = Debug|Any CPU
		Debug|iPhone = Debug|iPhone
		Debug|iPhoneSimulator = Debug|iPhoneSimulator
		Release|Any CPU = Release|Any CPU
		Release|iPhone = Release|iPhone
		Release|iPhoneSimulator = Release|iPhoneSimulator
	EndGlobalSection
	GlobalSection(ProjectConfigurationPlatforms) = postSolution
		{2B580C00-32C0-467F-B708-9742B1A94F7D}.Ad-Hoc|Any CPU.ActiveCfg = Release|Any CPU
		{2B580C00-32C0-467F-B708-9742B1A94F7D}.Ad-Hoc|Any CPU.Build.0 = Release|Any CPU
		{2B580C00-32C0-467F-B708-9742B1A94F7D}.Ad-Hoc|Any CPU.Deploy.0 = Release|Any CPU
		{2B580C00-32C0-467F-B708-9742B1A94F7D}.Ad-Hoc|iPhone.ActiveCfg = Release|Any CPU
		{2B580C00-32C0-467F-B708-9742B1A94F7D}.Ad-Hoc|iPhone.Build.0 = Release|Any CPU
		{2B580C00-32C0-467F-B708-9742B1A94F7D}.Ad-Hoc|iPhone.Deploy.0 = Release|Any CPU
		{2B580C00-32C0-467F-B708-9742B1A94F7D}.Ad-Hoc|iPhoneSimulator.ActiveCfg = Release|Any CPU
		{2B580C00-32C0-467F-B708-9742B1A94F7D}.Ad-Hoc|iPhoneSimulator.Build.0 = Release|Any CPU
		{2B580C00-32C0-467F-B708-9742B1A94F7D}.Ad-Hoc|iPhoneSimulator.Deploy.0 = Release|Any CPU
		{2B580C00-32C0-467F-B708-9742B1A94F7D}.AppStore|Any CPU.ActiveCfg = Release|Any CPU
		{2B580C00-32C0-467F-B708-9742B1A94F7D}.AppStore|Any CPU.Build.0 = Release|Any CPU
		{2B580C00-32C0-467F-B708-9742B1A94F7D}.AppStore|Any CPU.Deploy.0 = Release|Any CPU
		{2B580C00-32C0-467F-B708-9742B1A94F7D}.AppStore|iPhone.ActiveCfg = Release|Any CPU
		{2B580C00-32C0-467F-B708-9742B1A94F7D}.AppStore|iPhone.Build.0 = Release|Any CPU
		{2B580C00-32C0-467F-B708-9742B1A94F7D}.AppStore|iPhone.Deploy.0 = Release|Any CPU
		{2B580C00-32C0-467F-B708-9742B1A94F7D}.AppStore|iPhoneSimulator.ActiveCfg = Release|Any CPU
		{2B580C00-32C0-467F-B708-9742B1A94F7D}.AppStore|iPhoneSimulator.Build.0 = Release|Any CPU
		{2B580C00-32C0-467F-B708-9742B1A94F7D}.AppStore|iPhoneSimulator.Deploy.0 = Release|Any CPU
		{2B580C00-32C0-467F-B708-9742B1A94F7D}.Debug|Any CPU.ActiveCfg = Debug|Any CPU
		{2B580C00-32C0-467F-B708-9742B1A94F7D}.Debug|Any CPU.Build.0 = Debug|Any CPU
		{2B580C00-32C0-467F-B708-9742B1A94F7D}.Debug|Any CPU.Deploy.0 = Debug|Any CPU
		{2B580C00-32C0-467F-B708-9742B1A94F7D}.Debug|iPhone.ActiveCfg = Debug|Any CPU
		{2B580C00-32C0-467F-B708-9742B1A94F7D}.Debug|iPhone.Build.0 = Debug|Any CPU
		{2B580C00-32C0-467F-B708-9742B1A94F7D}.Debug|iPhone.Deploy.0 = Debug|Any CPU
		{2B580C00-32C0-467F-B708-9742B1A94F7D}.Debug|iPhoneSimulator.ActiveCfg = Debug|Any CPU
		{2B580C00-32C0-467F-B708-9742B1A94F7D}.Debug|iPhoneSimulator.Build.0 = Debug|Any CPU
		{2B580C00-32C0-467F-B708-9742B1A94F7D}.Debug|iPhoneSimulator.Deploy.0 = Debug|Any CPU
		{2B580C00-32C0-467F-B708-9742B1A94F7D}.Release|Any CPU.ActiveCfg = Release|Any CPU
		{2B580C00-32C0-467F-B708-9742B1A94F7D}.Release|Any CPU.Build.0 = Release|Any CPU
		{2B580C00-32C0-467F-B708-9742B1A94F7D}.Release|Any CPU.Deploy.0 = Release|Any CPU
		{2B580C00-32C0-467F-B708-9742B1A94F7D}.Release|iPhone.ActiveCfg = Release|Any CPU
		{2B580C00-32C0-467F-B708-9742B1A94F7D}.Release|iPhone.Build.0 = Release|Any CPU
		{2B580C00-32C0-467F-B708-9742B1A94F7D}.Release|iPhone.Deploy.0 = Release|Any CPU
		{2B580C00-32C0-467F-B708-9742B1A94F7D}.Release|iPhoneSimulator.ActiveCfg = Release|Any CPU
		{2B580C00-32C0-467F-B708-9742B1A94F7D}.Release|iPhoneSimulator.Build.0 = Release|Any CPU
		{2B580C00-32C0-467F-B708-9742B1A94F7D}.Release|iPhoneSimulator.Deploy.0 = Release|Any CPU
		{D392F1A3-3C33-4E11-BD11-599A95FE2DEE}.Ad-Hoc|Any CPU.ActiveCfg = Ad-Hoc|iPhone
		{D392F1A3-3C33-4E11-BD11-599A95FE2DEE}.Ad-Hoc|Any CPU.Build.0 = Ad-Hoc|iPhone
		{D392F1A3-3C33-4E11-BD11-599A95FE2DEE}.Ad-Hoc|Any CPU.Deploy.0 = Ad-Hoc|iPhone
		{D392F1A3-3C33-4E11-BD11-599A95FE2DEE}.Ad-Hoc|iPhone.ActiveCfg = Ad-Hoc|iPhone
		{D392F1A3-3C33-4E11-BD11-599A95FE2DEE}.Ad-Hoc|iPhone.Build.0 = Ad-Hoc|iPhone
		{D392F1A3-3C33-4E11-BD11-599A95FE2DEE}.Ad-Hoc|iPhone.Deploy.0 = Ad-Hoc|iPhone
		{D392F1A3-3C33-4E11-BD11-599A95FE2DEE}.Ad-Hoc|iPhoneSimulator.ActiveCfg = Ad-Hoc|iPhoneSimulator
		{D392F1A3-3C33-4E11-BD11-599A95FE2DEE}.Ad-Hoc|iPhoneSimulator.Build.0 = Ad-Hoc|iPhoneSimulator
		{D392F1A3-3C33-4E11-BD11-599A95FE2DEE}.Ad-Hoc|iPhoneSimulator.Deploy.0 = Ad-Hoc|iPhoneSimulator
		{D392F1A3-3C33-4E11-BD11-599A95FE2DEE}.AppStore|Any CPU.ActiveCfg = AppStore|iPhone
		{D392F1A3-3C33-4E11-BD11-599A95FE2DEE}.AppStore|Any CPU.Build.0 = AppStore|iPhone
		{D392F1A3-3C33-4E11-BD11-599A95FE2DEE}.AppStore|Any CPU.Deploy.0 = AppStore|iPhone
		{D392F1A3-3C33-4E11-BD11-599A95FE2DEE}.AppStore|iPhone.ActiveCfg = AppStore|iPhone
		{D392F1A3-3C33-4E11-BD11-599A95FE2DEE}.AppStore|iPhone.Build.0 = AppStore|iPhone
		{D392F1A3-3C33-4E11-BD11-599A95FE2DEE}.AppStore|iPhone.Deploy.0 = AppStore|iPhone
		{D392F1A3-3C33-4E11-BD11-599A95FE2DEE}.AppStore|iPhoneSimulator.ActiveCfg = AppStore|iPhoneSimulator
		{D392F1A3-3C33-4E11-BD11-599A95FE2DEE}.AppStore|iPhoneSimulator.Build.0 = AppStore|iPhoneSimulator
		{D392F1A3-3C33-4E11-BD11-599A95FE2DEE}.AppStore|iPhoneSimulator.Deploy.0 = AppStore|iPhoneSimulator
		{D392F1A3-3C33-4E11-BD11-599A95FE2DEE}.Debug|Any CPU.ActiveCfg = Debug|iPhoneSimulator
		{D392F1A3-3C33-4E11-BD11-599A95FE2DEE}.Debug|Any CPU.Build.0 = Debug|iPhoneSimulator
		{D392F1A3-3C33-4E11-BD11-599A95FE2DEE}.Debug|Any CPU.Deploy.0 = Debug|iPhoneSimulator
		{D392F1A3-3C33-4E11-BD11-599A95FE2DEE}.Debug|iPhone.ActiveCfg = Debug|iPhone
		{D392F1A3-3C33-4E11-BD11-599A95FE2DEE}.Debug|iPhone.Build.0 = Debug|iPhone
		{D392F1A3-3C33-4E11-BD11-599A95FE2DEE}.Debug|iPhone.Deploy.0 = Debug|iPhone
		{D392F1A3-3C33-4E11-BD11-599A95FE2DEE}.Debug|iPhoneSimulator.ActiveCfg = Debug|iPhoneSimulator
		{D392F1A3-3C33-4E11-BD11-599A95FE2DEE}.Debug|iPhoneSimulator.Build.0 = Debug|iPhoneSimulator
		{D392F1A3-3C33-4E11-BD11-599A95FE2DEE}.Debug|iPhoneSimulator.Deploy.0 = Debug|iPhoneSimulator
		{D392F1A3-3C33-4E11-BD11-599A95FE2DEE}.Release|Any CPU.ActiveCfg = Release|iPhone
		{D392F1A3-3C33-4E11-BD11-599A95FE2DEE}.Release|Any CPU.Build.0 = Release|iPhone
		{D392F1A3-3C33-4E11-BD11-599A95FE2DEE}.Release|Any CPU.Deploy.0 = Release|iPhone
		{D392F1A3-3C33-4E11-BD11-599A95FE2DEE}.Release|iPhone.ActiveCfg = Release|iPhone
		{D392F1A3-3C33-4E11-BD11-599A95FE2DEE}.Release|iPhone.Build.0 = Release|iPhone
		{D392F1A3-3C33-4E11-BD11-599A95FE2DEE}.Release|iPhone.Deploy.0 = Release|iPhone
		{D392F1A3-3C33-4E11-BD11-599A95FE2DEE}.Release|iPhoneSimulator.ActiveCfg = Release|iPhoneSimulator
		{D392F1A3-3C33-4E11-BD11-599A95FE2DEE}.Release|iPhoneSimulator.Build.0 = Release|iPhoneSimulator
		{D392F1A3-3C33-4E11-BD11-599A95FE2DEE}.Release|iPhoneSimulator.Deploy.0 = Release|iPhoneSimulator
	EndGlobalSection
	GlobalSection(SolutionProperties) = preSolution
		HideSolutionNode = FALSE
	EndGlobalSection
	GlobalSection(ExtensibilityGlobals) = postSolution
		SolutionGuid = {FD8329D3-5AA7-48F5-9444-84C74DE28E77}
	EndGlobalSection
EndGlobal
